<?xml version="1.0" encoding="utf-8"?>
<Project ToolsVersion="4.0" xmlns="http://schemas.microsoft.com/developer/msbuild/2003">
  <ItemGroup>
    <Filter Include="源文件">
      <UniqueIdentifier>{4FC737F1-C7A5-4376-A066-2A32D752A2FF}</UniqueIdentifier>
      <Extensions>cpp;c;cc;cxx;c++;cppm;ixx;def;odl;idl;hpj;bat;asm;asmx</Extensions>
    </Filter>
    <Filter Include="头文件">
      <UniqueIdentifier>{93995380-89BD-4b04-88EB-625FBE52EBFB}</UniqueIdentifier>
      <Extensions>h;hh;hpp;hxx;h++;hm;inl;inc;ipp;xsd</Extensions>
    </Filter>
    <Filter Include="resources">
      <UniqueIdentifier>{67DA6AB6-F800-4c08-8B7A-83BB121AAD01}</UniqueIdentifier>
      <Extensions>rc;ico;cur;bmp;dlg;rc2;rct;bin;rgs;gif;jpg;jpeg;jpe;resx;tiff;tif;png;wav;mfcribbon-ms</Extensions>
    </Filter>
    <Filter Include="resources\audio">
      <UniqueIdentifier>{02d297bb-c850-4516-b6fa-553dac387ed1}</UniqueIdentifier>
    </Filter>
    <Filter Include="resources\effect">
      <UniqueIdentifier>{fb0390d6-d7f4-43c9-a529-340f5d611f53}</UniqueIdentifier>
    </Filter>
    <Filter Include="resources\effect\electric">
      <UniqueIdentifier>{c50693b4-7921-4033-9033-cc816522fc78}</UniqueIdentifier>
    </Filter>
    <Filter Include="resources\effect\electric_right">
      <UniqueIdentifier>{fc2db8c5-7652-4db4-bda3-62e84948f928}</UniqueIdentifier>
    </Filter>
    <Filter Include="resources\effect\fire">
      <UniqueIdentifier>{5e9ffe3d-fe9a-47f4-8421-1d33c3593889}</UniqueIdentifier>
    </Filter>
    <Filter Include="resources\effect\fire_bullet">
      <UniqueIdentifier>{e77ac8ed-235f-4d98-bd7d-1d39456c81ba}</UniqueIdentifier>
    </Filter>
    <Filter Include="resources\effect\fire_dash">
      <UniqueIdentifier>{5fb06ffd-4aef-41cb-a617-a595fbacb62e}</UniqueIdentifier>
    </Filter>
    <Filter Include="resources\effect\fire_dash_down">
      <UniqueIdentifier>{9a6e1a12-2b0f-4995-a06e-af6162f9f4b1}</UniqueIdentifier>
    </Filter>
    <Filter Include="resources\effect\hit">
      <UniqueIdentifier>{c87f9f10-0bb5-46bb-8732-6b24feda4fd1}</UniqueIdentifier>
    </Filter>
    <Filter Include="resources\effect\hurt">
      <UniqueIdentifier>{c7126d6d-5b68-432e-ae4a-ab25f50e3872}</UniqueIdentifier>
    </Filter>
    <Filter Include="resources\effect\leaves">
      <UniqueIdentifier>{3ed60c69-bfe7-4b03-820a-4bbcd30502bf}</UniqueIdentifier>
    </Filter>
    <Filter Include="resources\effect\mixed_image">
      <UniqueIdentifier>{bcfcc6e6-d683-441f-bbe9-3bced1ac4f25}</UniqueIdentifier>
    </Filter>
    <Filter Include="resources\effect\other">
      <UniqueIdentifier>{0acbe8c3-6abe-4bea-81ed-10626d1a0e14}</UniqueIdentifier>
    </Filter>
    <Filter Include="resources\effect\other\bug">
      <UniqueIdentifier>{f561f458-8f6b-48ec-bee5-f34a3df761b1}</UniqueIdentifier>
    </Filter>
    <Filter Include="resources\effect\other\light">
      <UniqueIdentifier>{c1e4f125-f096-47d4-9147-9b014f499fbf}</UniqueIdentifier>
    </Filter>
    <Filter Include="resources\effect\other\little_knight">
      <UniqueIdentifier>{772fbed5-8341-470e-aaba-c48bcb6a75b0}</UniqueIdentifier>
    </Filter>
    <Filter Include="resources\effect\ui_choose">
      <UniqueIdentifier>{270fa3cc-2858-4265-9951-6def64a3298d}</UniqueIdentifier>
    </Filter>
    <Filter Include="resources\effect\watercolor">
      <UniqueIdentifier>{7cf85581-3ddb-40be-b20a-79fd5fa8a1be}</UniqueIdentifier>
    </Filter>
    <Filter Include="resources\enemy">
      <UniqueIdentifier>{be87e98c-4634-442e-80e4-a5a1a2fa6d7d}</UniqueIdentifier>
    </Filter>
    <Filter Include="resources\enemy\dragon_king">
      <UniqueIdentifier>{02e8ce1b-4ea1-4d01-8284-434349a07e0c}</UniqueIdentifier>
    </Filter>
    <Filter Include="resources\enemy\dragon_king\attack">
      <UniqueIdentifier>{e5058e19-3d98-416a-98c5-70876bcc71dd}</UniqueIdentifier>
    </Filter>
    <Filter Include="resources\enemy\dragon_king\fall">
      <UniqueIdentifier>{848b5d74-e3e8-49ca-bb65-8462f3ad1bbf}</UniqueIdentifier>
    </Filter>
    <Filter Include="resources\enemy\dragon_king\idle">
      <UniqueIdentifier>{0e87d8f9-694d-48bb-873d-3b47499c41bf}</UniqueIdentifier>
    </Filter>
    <Filter Include="resources\enemy\dragon_king\jump">
      <UniqueIdentifier>{df42da7e-a6a7-4441-80e1-a0f4fcb5b1fe}</UniqueIdentifier>
    </Filter>
    <Filter Include="resources\enemy\dragon_king\prepare">
      <UniqueIdentifier>{82341301-7dbf-4737-87eb-76098e674d58}</UniqueIdentifier>
    </Filter>
    <Filter Include="resources\enemy\dragon_king\run">
      <UniqueIdentifier>{527f04a0-8d09-41db-94d7-2f619b7e34dc}</UniqueIdentifier>
    </Filter>
    <Filter Include="resources\enemy\dragon_king\vfx">
      <UniqueIdentifier>{9454e65a-4d38-4163-a187-05dd8139048b}</UniqueIdentifier>
    </Filter>
    <Filter Include="resources\enemy\hornet">
      <UniqueIdentifier>{20ee03c5-eda8-4f88-93d7-df38b0f5a617}</UniqueIdentifier>
    </Filter>
    <Filter Include="resources\enemy\hornet\aim">
      <UniqueIdentifier>{5e915739-9538-4b89-a9bb-c86a95a6d4c4}</UniqueIdentifier>
    </Filter>
    <Filter Include="resources\enemy\hornet\barb_break">
      <UniqueIdentifier>{0c9c95e9-a275-467f-a41c-a81f04b3e64b}</UniqueIdentifier>
    </Filter>
    <Filter Include="resources\enemy\hornet\barb_loose">
      <UniqueIdentifier>{8def468f-e4fc-49ac-be09-361050a4db1d}</UniqueIdentifier>
    </Filter>
    <Filter Include="resources\enemy\hornet\dash_in_air">
      <UniqueIdentifier>{764cb7d8-b030-43a2-90cc-b1f390557f5d}</UniqueIdentifier>
    </Filter>
    <Filter Include="resources\enemy\hornet\dash_on_floor">
      <UniqueIdentifier>{1b12645c-2d81-4cfa-9f58-613e1701bccb}</UniqueIdentifier>
    </Filter>
    <Filter Include="resources\enemy\hornet\fall">
      <UniqueIdentifier>{d0ac7641-a29e-4fbc-8520-6e2d4d43b547}</UniqueIdentifier>
    </Filter>
    <Filter Include="resources\enemy\hornet\idle">
      <UniqueIdentifier>{22cfcbab-ad41-4857-ac5f-fb0406ef5372}</UniqueIdentifier>
    </Filter>
    <Filter Include="resources\enemy\hornet\jump">
      <UniqueIdentifier>{6234cbbe-a537-47fd-bd48-d69beea22eb0}</UniqueIdentifier>
    </Filter>
    <Filter Include="resources\enemy\hornet\run">
      <UniqueIdentifier>{c7a43f95-2ec1-487a-92db-933db769c016}</UniqueIdentifier>
    </Filter>
    <Filter Include="resources\enemy\hornet\silk">
      <UniqueIdentifier>{ae2fc0e5-569f-4e34-a5a4-c1d3f5bd57dc}</UniqueIdentifier>
    </Filter>
    <Filter Include="resources\enemy\hornet\squat">
      <UniqueIdentifier>{7931b9fc-fbf9-4242-a9a1-9d2ad2f33a08}</UniqueIdentifier>
    </Filter>
    <Filter Include="resources\enemy\hornet\sword">
      <UniqueIdentifier>{4035f2db-8ed8-4e54-b876-a4c16bc294fc}</UniqueIdentifier>
    </Filter>
    <Filter Include="resources\enemy\hornet\throw_barb">
      <UniqueIdentifier>{4196f128-f206-426f-9b42-b621fbbc0058}</UniqueIdentifier>
    </Filter>
    <Filter Include="resources\enemy\hornet\throw_silk">
      <UniqueIdentifier>{f5d87765-b9fa-4cfa-8f9c-610f41476a49}</UniqueIdentifier>
    </Filter>
    <Filter Include="resources\enemy\hornet\throw_sword">
      <UniqueIdentifier>{92f2ce8b-b6ff-4f90-85fc-6f8b532159f3}</UniqueIdentifier>
    </Filter>
    <Filter Include="resources\enemy\hornet\vfx_dash_in_air">
      <UniqueIdentifier>{91c3f423-b8ef-4cf7-8bb3-bbad8725df1b}</UniqueIdentifier>
    </Filter>
    <Filter Include="resources\enemy\hornet\vfx_dash_on_floor">
      <UniqueIdentifier>{7293ff82-9e3a-4e50-a68e-8876b96a3d02}</UniqueIdentifier>
    </Filter>
    <Filter Include="resources\font">
      <UniqueIdentifier>{f81346d9-8d7b-4f40-966a-7af20e4ebd6c}</UniqueIdentifier>
    </Filter>
    <Filter Include="resources\player">
      <UniqueIdentifier>{784f3f2b-6607-4bfa-bb71-e0509867b38f}</UniqueIdentifier>
    </Filter>
    <Filter Include="resources\player\dance">
      <UniqueIdentifier>{a3da8f2c-5005-4e4a-aaa2-f821cf08263f}</UniqueIdentifier>
    </Filter>
  </ItemGroup>
  <ItemGroup>
    <ClCompile Include="D:\浏览器Download\空洞武士\源代码\audio_manager.cpp">
      <Filter>源文件</Filter>
    </ClCompile>
    <ClCompile Include="D:\浏览器Download\空洞武士\源代码\barb.cpp">
      <Filter>源文件</Filter>
    </ClCompile>
    <ClCompile Include="D:\浏览器Download\空洞武士\源代码\bullet_time_manager.cpp">
      <Filter>源文件</Filter>
    </ClCompile>
    <ClCompile Include="D:\浏览器Download\空洞武士\源代码\character.cpp">
      <Filter>源文件</Filter>
    </ClCompile>
    <ClCompile Include="D:\浏览器Download\空洞武士\源代码\character_manager.cpp">
      <Filter>源文件</Filter>
    </ClCompile>
    <ClCompile Include="D:\浏览器Download\空洞武士\源代码\collision_manager.cpp">
      <Filter>源文件</Filter>
    </ClCompile>
    <ClCompile Include="D:\浏览器Download\空洞武士\源代码\effect.cpp">
      <Filter>源文件</Filter>
    </ClCompile>
    <ClCompile Include="D:\浏览器Download\空洞武士\源代码\enemy_dragon_king.cpp">
      <Filter>源文件</Filter>
    </ClCompile>
    <ClCompile Include="D:\浏览器Download\空洞武士\源代码\enemy_dragon_king_state_node.cpp">
      <Filter>源文件</Filter>
    </ClCompile>
    <ClCompile Include="D:\浏览器Download\空洞武士\源代码\enemy_hornet.cpp">
      <Filter>源文件</Filter>
    </ClCompile>
    <ClCompile Include="D:\浏览器Download\空洞武士\源代码\enemy_hornet_state_node.cpp">
      <Filter>源文件</Filter>
    </ClCompile>
    <ClCompile Include="D:\浏览器Download\空洞武士\源代码\fire_bullet.cpp">
      <Filter>源文件</Filter>
    </ClCompile>
    <ClCompile Include="D:\浏览器Download\空洞武士\源代码\main.cpp">
      <Filter>源文件</Filter>
    </ClCompile>
    <ClCompile Include="D:\浏览器Download\空洞武士\源代码\particle_manager.cpp">
      <Filter>源文件</Filter>
    </ClCompile>
    <ClCompile Include="D:\浏览器Download\空洞武士\源代码\player.cpp">
      <Filter>源文件</Filter>
    </ClCompile>
    <ClCompile Include="D:\浏览器Download\空洞武士\源代码\player_state_node.cpp">
      <Filter>源文件</Filter>
    </ClCompile>
    <ClCompile Include="D:\浏览器Download\空洞武士\源代码\resources_manager.cpp">
      <Filter>源文件</Filter>
    </ClCompile>
    <ClCompile Include="D:\浏览器Download\空洞武士\源代码\reverse_time_manager.cpp">
      <Filter>源文件</Filter>
    </ClCompile>
    <ClCompile Include="D:\浏览器Download\空洞武士\源代码\scene_game.cpp">
      <Filter>源文件</Filter>
    </ClCompile>
    <ClCompile Include="D:\浏览器Download\空洞武士\源代码\scene_manager.cpp">
      <Filter>源文件</Filter>
    </ClCompile>
    <ClCompile Include="D:\浏览器Download\空洞武士\源代码\state_machine.cpp">
      <Filter>源文件</Filter>
    </ClCompile>
    <ClCompile Include="D:\浏览器Download\空洞武士\源代码\status_bar.cpp">
      <Filter>源文件</Filter>
    </ClCompile>
    <ClCompile Include="D:\浏览器Download\空洞武士\源代码\sword.cpp">
      <Filter>源文件</Filter>
    </ClCompile>
  </ItemGroup>
  <ItemGroup>
    <ClInclude Include="D:\浏览器Download\空洞武士\源代码\animation.h">
      <Filter>头文件</Filter>
    </ClInclude>
    <ClInclude Include="D:\浏览器Download\空洞武士\源代码\atlas.h">
      <Filter>头文件</Filter>
    </ClInclude>
    <ClInclude Include="D:\浏览器Download\空洞武士\源代码\audio_manager.h">
      <Filter>头文件</Filter>
    </ClInclude>
    <ClInclude Include="D:\浏览器Download\空洞武士\源代码\barb.h">
      <Filter>头文件</Filter>
    </ClInclude>
    <ClInclude Include="D:\浏览器Download\空洞武士\源代码\bullet_time_manager.h">
      <Filter>头文件</Filter>
    </ClInclude>
    <ClInclude Include="D:\浏览器Download\空洞武士\源代码\camera.h">
      <Filter>头文件</Filter>
    </ClInclude>
    <ClInclude Include="D:\浏览器Download\空洞武士\源代码\character.h">
      <Filter>头文件</Filter>
    </ClInclude>
    <ClInclude Include="D:\浏览器Download\空洞武士\源代码\character_manager.h">
      <Filter>头文件</Filter>
    </ClInclude>
    <ClInclude Include="D:\浏览器Download\空洞武士\源代码\collision_box.h">
      <Filter>头文件</Filter>
    </ClInclude>
    <ClInclude Include="D:\浏览器Download\空洞武士\源代码\collision_layer.h">
      <Filter>头文件</Filter>
    </ClInclude>
    <ClInclude Include="D:\浏览器Download\空洞武士\源代码\collision_manager.h">
      <Filter>头文件</Filter>
    </ClInclude>
    <ClInclude Include="D:\浏览器Download\空洞武士\源代码\effect.h">
      <Filter>头文件</Filter>
    </ClInclude>
    <ClInclude Include="D:\浏览器Download\空洞武士\源代码\enemy_dragon_king.h">
      <Filter>头文件</Filter>
    </ClInclude>
    <ClInclude Include="D:\浏览器Download\空洞武士\源代码\enemy_dragon_king_state_node.h">
      <Filter>头文件</Filter>
    </ClInclude>
    <ClInclude Include="D:\浏览器Download\空洞武士\源代码\enemy_hornet.h">
      <Filter>头文件</Filter>
    </ClInclude>
    <ClInclude Include="D:\浏览器Download\空洞武士\源代码\enemy_hornet_state_node.h">
      <Filter>头文件</Filter>
    </ClInclude>
    <ClInclude Include="D:\浏览器Download\空洞武士\源代码\fire_bullet.h">
      <Filter>头文件</Filter>
    </ClInclude>
    <ClInclude Include="D:\浏览器Download\空洞武士\源代码\particle_effect.h">
      <Filter>头文件</Filter>
    </ClInclude>
    <ClInclude Include="D:\浏览器Download\空洞武士\源代码\particle_manager.h">
      <Filter>头文件</Filter>
    </ClInclude>
    <ClInclude Include="D:\浏览器Download\空洞武士\源代码\player.h">
      <Filter>头文件</Filter>
    </ClInclude>
    <ClInclude Include="D:\浏览器Download\空洞武士\源代码\player_state_node.h">
      <Filter>头文件</Filter>
    </ClInclude>
    <ClInclude Include="D:\浏览器Download\空洞武士\源代码\resources_manager.h">
      <Filter>头文件</Filter>
    </ClInclude>
    <ClInclude Include="D:\浏览器Download\空洞武士\源代码\reverse_time_manager.h">
      <Filter>头文件</Filter>
    </ClInclude>
    <ClInclude Include="D:\浏览器Download\空洞武士\源代码\scene.h">
      <Filter>头文件</Filter>
    </ClInclude>
    <ClInclude Include="D:\浏览器Download\空洞武士\源代码\scene_game.h">
      <Filter>头文件</Filter>
    </ClInclude>
    <ClInclude Include="D:\浏览器Download\空洞武士\源代码\scene_game_boss_dragon_king.h">
      <Filter>头文件</Filter>
    </ClInclude>
    <ClInclude Include="D:\浏览器Download\空洞武士\源代码\scene_game_boss_hornet.h">
      <Filter>头文件</Filter>
    </ClInclude>
    <ClInclude Include="D:\浏览器Download\空洞武士\源代码\scene_game_reverse_time.h">
      <Filter>头文件</Filter>
    </ClInclude>
    <ClInclude Include="D:\浏览器Download\空洞武士\源代码\scene_manager.h">
      <Filter>头文件</Filter>
    </ClInclude>
    <ClInclude Include="D:\浏览器Download\空洞武士\源代码\scene_menu.h">
      <Filter>头文件</Filter>
    </ClInclude>
    <ClInclude Include="D:\浏览器Download\空洞武士\源代码\state_machine.h">
      <Filter>头文件</Filter>
    </ClInclude>
    <ClInclude Include="D:\浏览器Download\空洞武士\源代码\state_node.h">
      <Filter>头文件</Filter>
    </ClInclude>
    <ClInclude Include="D:\浏览器Download\空洞武士\源代码\status_bar.h">
      <Filter>头文件</Filter>
    </ClInclude>
    <ClInclude Include="D:\浏览器Download\空洞武士\源代码\sword.h">
      <Filter>头文件</Filter>
    </ClInclude>
    <ClInclude Include="D:\浏览器Download\空洞武士\源代码\timer.h">
      <Filter>头文件</Filter>
    </ClInclude>
    <ClInclude Include="D:\浏览器Download\空洞武士\源代码\util.h">
      <Filter>头文件</Filter>
    </ClInclude>
    <ClInclude Include="D:\浏览器Download\空洞武士\源代码\vector2.h">
      <Filter>头文件</Filter>
    </ClInclude>
  </ItemGroup>
  <ItemGroup>
    <Media Include="D:\浏览器Download\空洞武士\resources\audio\barb_break.mp3">
      <Filter>resources\audio</Filter>
    </Media>
    <Media Include="D:\浏览器Download\空洞武士\resources\audio\bgm_0.mp3">
      <Filter>resources\audio</Filter>
    </Media>
    <Media Include="D:\浏览器Download\空洞武士\resources\audio\bgm_1.mp3">
      <Filter>resources\audio</Filter>
    </Media>
    <Media Include="D:\浏览器Download\空洞武士\resources\audio\bgm_2.mp3">
      <Filter>resources\audio</Filter>
    </Media>
    <Media Include="D:\浏览器Download\空洞武士\resources\audio\bullet_time.mp3">
      <Filter>resources\audio</Filter>
    </Media>
    <Media Include="D:\浏览器Download\空洞武士\resources\audio\dash.wav">
      <Filter>resources\audio</Filter>
    </Media>
    <Media Include="D:\浏览器Download\空洞武士\resources\audio\electric.mp3">
      <Filter>resources\audio</Filter>
    </Media>
    <Media Include="D:\浏览器Download\空洞武士\resources\audio\enemy_dash.mp3">
      <Filter>resources\audio</Filter>
    </Media>
    <Media Include="D:\浏览器Download\空洞武士\resources\audio\enemy_hurt_1.mp3">
      <Filter>resources\audio</Filter>
    </Media>
    <Media Include="D:\浏览器Download\空洞武士\resources\audio\enemy_hurt_2.mp3">
      <Filter>resources\audio</Filter>
    </Media>
    <Media Include="D:\浏览器Download\空洞武士\resources\audio\enemy_hurt_3.mp3">
      <Filter>resources\audio</Filter>
    </Media>
    <Media Include="D:\浏览器Download\空洞武士\resources\audio\enemy_run.mp3">
      <Filter>resources\audio</Filter>
    </Media>
    <Media Include="D:\浏览器Download\空洞武士\resources\audio\enemy_throw_barbs.mp3">
      <Filter>resources\audio</Filter>
    </Media>
    <Media Include="D:\浏览器Download\空洞武士\resources\audio\enemy_throw_silk.mp3">
      <Filter>resources\audio</Filter>
    </Media>
    <Media Include="D:\浏览器Download\空洞武士\resources\audio\enemy_throw_sword.mp3">
      <Filter>resources\audio</Filter>
    </Media>
    <Media Include="D:\浏览器Download\空洞武士\resources\audio\fall.mp3">
      <Filter>resources\audio</Filter>
    </Media>
    <Media Include="D:\浏览器Download\空洞武士\resources\audio\fire.mp3">
      <Filter>resources\audio</Filter>
    </Media>
    <Media Include="D:\浏览器Download\空洞武士\resources\audio\fire_bullet.mp3">
      <Filter>resources\audio</Filter>
    </Media>
    <Media Include="D:\浏览器Download\空洞武士\resources\audio\hornet_dead.wav">
      <Filter>resources\audio</Filter>
    </Media>
    <Media Include="D:\浏览器Download\空洞武士\resources\audio\hornet_dialogue.wav">
      <Filter>resources\audio</Filter>
    </Media>
    <Media Include="D:\浏览器Download\空洞武士\resources\audio\hornet_final_yell.wav">
      <Filter>resources\audio</Filter>
    </Media>
    <Media Include="D:\浏览器Download\空洞武士\resources\audio\hornet_say_dash.mp3">
      <Filter>resources\audio</Filter>
    </Media>
    <Media Include="D:\浏览器Download\空洞武士\resources\audio\hornet_say_throw_silk.mp3">
      <Filter>resources\audio</Filter>
    </Media>
    <Media Include="D:\浏览器Download\空洞武士\resources\audio\hornet_say_throw_sword.mp3">
      <Filter>resources\audio</Filter>
    </Media>
    <Media Include="D:\浏览器Download\空洞武士\resources\audio\jump.wav">
      <Filter>resources\audio</Filter>
    </Media>
    <Media Include="D:\浏览器Download\空洞武士\resources\audio\land.wav">
      <Filter>resources\audio</Filter>
    </Media>
    <Media Include="D:\浏览器Download\空洞武士\resources\audio\play_tape.mp3">
      <Filter>resources\audio</Filter>
    </Media>
    <Media Include="D:\浏览器Download\空洞武士\resources\audio\player_attack_1.mp3">
      <Filter>resources\audio</Filter>
    </Media>
    <Media Include="D:\浏览器Download\空洞武士\resources\audio\player_attack_2.mp3">
      <Filter>resources\audio</Filter>
    </Media>
    <Media Include="D:\浏览器Download\空洞武士\resources\audio\player_attack_3.mp3">
      <Filter>resources\audio</Filter>
    </Media>
    <Media Include="D:\浏览器Download\空洞武士\resources\audio\player_dead.mp3">
      <Filter>resources\audio</Filter>
    </Media>
    <Media Include="D:\浏览器Download\空洞武士\resources\audio\player_hurt.mp3">
      <Filter>resources\audio</Filter>
    </Media>
    <Media Include="D:\浏览器Download\空洞武士\resources\audio\player_jump.mp3">
      <Filter>resources\audio</Filter>
    </Media>
    <Media Include="D:\浏览器Download\空洞武士\resources\audio\player_land.mp3">
      <Filter>resources\audio</Filter>
    </Media>
    <Media Include="D:\浏览器Download\空洞武士\resources\audio\player_roll.mp3">
      <Filter>resources\audio</Filter>
    </Media>
    <Media Include="D:\浏览器Download\空洞武士\resources\audio\player_run.mp3">
      <Filter>resources\audio</Filter>
    </Media>
    <Media Include="D:\浏览器Download\空洞武士\resources\audio\reverse_time.mp3">
      <Filter>resources\audio</Filter>
    </Media>
    <Media Include="D:\浏览器Download\空洞武士\resources\audio\run_loop.wav">
      <Filter>resources\audio</Filter>
    </Media>
    <Media Include="D:\浏览器Download\空洞武士\resources\audio\sword_hit_1.mp3">
      <Filter>resources\audio</Filter>
    </Media>
    <Media Include="D:\浏览器Download\空洞武士\resources\audio\sword_hit_2.mp3">
      <Filter>resources\audio</Filter>
    </Media>
    <Media Include="D:\浏览器Download\空洞武士\resources\audio\sword_hit_3.mp3">
      <Filter>resources\audio</Filter>
    </Media>
    <Media Include="D:\浏览器Download\空洞武士\resources\audio\ui_confirm.wav">
      <Filter>resources\audio</Filter>
    </Media>
    <Media Include="D:\浏览器Download\空洞武士\resources\audio\ui_switch.wav">
      <Filter>resources\audio</Filter>
    </Media>
    <Media Include="D:\浏览器Download\空洞武士\resources\audio\wind.mp3">
      <Filter>resources\audio</Filter>
    </Media>
  </ItemGroup>
  <ItemGroup>
    <Image Include="D:\浏览器Download\空洞武士\resources\effect\electric\1.png">
      <Filter>resources\effect\electric</Filter>
    </Image>
    <Image Include="D:\浏览器Download\空洞武士\resources\effect\electric\2.png">
      <Filter>resources\effect\electric</Filter>
    </Image>
    <Image Include="D:\浏览器Download\空洞武士\resources\effect\electric\3.png">
      <Filter>resources\effect\electric</Filter>
    </Image>
    <Image Include="D:\浏览器Download\空洞武士\resources\effect\electric\4.png">
      <Filter>resources\effect\electric</Filter>
    </Image>
    <Image Include="D:\浏览器Download\空洞武士\resources\effect\electric\5.png">
      <Filter>resources\effect\electric</Filter>
    </Image>
    <Image Include="D:\浏览器Download\空洞武士\resources\effect\electric\6.png">
      <Filter>resources\effect\electric</Filter>
    </Image>
    <Image Include="D:\浏览器Download\空洞武士\resources\effect\electric\7.png">
      <Filter>resources\effect\electric</Filter>
    </Image>
    <Image Include="D:\浏览器Download\空洞武士\resources\effect\electric\8.png">
      <Filter>resources\effect\electric</Filter>
    </Image>
    <Image Include="D:\浏览器Download\空洞武士\resources\effect\electric\9.png">
      <Filter>resources\effect\electric</Filter>
    </Image>
    <Image Include="D:\浏览器Download\空洞武士\resources\effect\electric\10.png">
      <Filter>resources\effect\electric</Filter>
    </Image>
    <Image Include="D:\浏览器Download\空洞武士\resources\effect\electric_right\1.png">
      <Filter>resources\effect\electric_right</Filter>
    </Image>
    <Image Include="D:\浏览器Download\空洞武士\resources\effect\electric_right\2.png">
      <Filter>resources\effect\electric_right</Filter>
    </Image>
    <Image Include="D:\浏览器Download\空洞武士\resources\effect\electric_right\3.png">
      <Filter>resources\effect\electric_right</Filter>
    </Image>
    <Image Include="D:\浏览器Download\空洞武士\resources\effect\electric_right\4.png">
      <Filter>resources\effect\electric_right</Filter>
    </Image>
    <Image Include="D:\浏览器Download\空洞武士\resources\effect\electric_right\5.png">
      <Filter>resources\effect\electric_right</Filter>
    </Image>
    <Image Include="D:\浏览器Download\空洞武士\resources\effect\fire\1.png">
      <Filter>resources\effect\fire</Filter>
    </Image>
    <Image Include="D:\浏览器Download\空洞武士\resources\effect\fire\2.png">
      <Filter>resources\effect\fire</Filter>
    </Image>
    <Image Include="D:\浏览器Download\空洞武士\resources\effect\fire\3.png">
      <Filter>resources\effect\fire</Filter>
    </Image>
    <Image Include="D:\浏览器Download\空洞武士\resources\effect\fire\4.png">
      <Filter>resources\effect\fire</Filter>
    </Image>
    <Image Include="D:\浏览器Download\空洞武士\resources\effect\fire\5.png">
      <Filter>resources\effect\fire</Filter>
    </Image>
    <Image Include="D:\浏览器Download\空洞武士\resources\effect\fire\6.png">
      <Filter>resources\effect\fire</Filter>
    </Image>
    <Image Include="D:\浏览器Download\空洞武士\resources\effect\fire_bullet\1.png">
      <Filter>resources\effect\fire_bullet</Filter>
    </Image>
    <Image Include="D:\浏览器Download\空洞武士\resources\effect\fire_bullet\2.png">
      <Filter>resources\effect\fire_bullet</Filter>
    </Image>
    <Image Include="D:\浏览器Download\空洞武士\resources\effect\fire_bullet\3.png">
      <Filter>resources\effect\fire_bullet</Filter>
    </Image>
    <Image Include="D:\浏览器Download\空洞武士\resources\effect\fire_bullet\4.png">
      <Filter>resources\effect\fire_bullet</Filter>
    </Image>
    <Image Include="D:\浏览器Download\空洞武士\resources\effect\fire_bullet\5.png">
      <Filter>resources\effect\fire_bullet</Filter>
    </Image>
    <Image Include="D:\浏览器Download\空洞武士\resources\effect\fire_bullet\6.png">
      <Filter>resources\effect\fire_bullet</Filter>
    </Image>
    <Image Include="D:\浏览器Download\空洞武士\resources\effect\fire_bullet\7.png">
      <Filter>resources\effect\fire_bullet</Filter>
    </Image>
    <Image Include="D:\浏览器Download\空洞武士\resources\effect\fire_bullet\8.png">
      <Filter>resources\effect\fire_bullet</Filter>
    </Image>
    <Image Include="D:\浏览器Download\空洞武士\resources\effect\fire_bullet\9.png">
      <Filter>resources\effect\fire_bullet</Filter>
    </Image>
    <Image Include="D:\浏览器Download\空洞武士\resources\effect\fire_bullet\10.png">
      <Filter>resources\effect\fire_bullet</Filter>
    </Image>
    <Image Include="D:\浏览器Download\空洞武士\resources\effect\fire_bullet\11.png">
      <Filter>resources\effect\fire_bullet</Filter>
    </Image>
    <Image Include="D:\浏览器Download\空洞武士\resources\effect\fire_bullet\12.png">
      <Filter>resources\effect\fire_bullet</Filter>
    </Image>
    <Image Include="D:\浏览器Download\空洞武士\resources\effect\fire_bullet\13.png">
      <Filter>resources\effect\fire_bullet</Filter>
    </Image>
    <Image Include="D:\浏览器Download\空洞武士\resources\effect\fire_dash\1.png">
      <Filter>resources\effect\fire_dash</Filter>
    </Image>
    <Image Include="D:\浏览器Download\空洞武士\resources\effect\fire_dash\2.png">
      <Filter>resources\effect\fire_dash</Filter>
    </Image>
    <Image Include="D:\浏览器Download\空洞武士\resources\effect\fire_dash\3.png">
      <Filter>resources\effect\fire_dash</Filter>
    </Image>
    <Image Include="D:\浏览器Download\空洞武士\resources\effect\fire_dash\4.png">
      <Filter>resources\effect\fire_dash</Filter>
    </Image>
    <Image Include="D:\浏览器Download\空洞武士\resources\effect\fire_dash\5.png">
      <Filter>resources\effect\fire_dash</Filter>
    </Image>
    <Image Include="D:\浏览器Download\空洞武士\resources\effect\fire_dash\6.png">
      <Filter>resources\effect\fire_dash</Filter>
    </Image>
    <Image Include="D:\浏览器Download\空洞武士\resources\effect\fire_dash\7.png">
      <Filter>resources\effect\fire_dash</Filter>
    </Image>
    <Image Include="D:\浏览器Download\空洞武士\resources\effect\fire_dash\8.png">
      <Filter>resources\effect\fire_dash</Filter>
    </Image>
    <Image Include="D:\浏览器Download\空洞武士\resources\effect\fire_dash\9.png">
      <Filter>resources\effect\fire_dash</Filter>
    </Image>
    <Image Include="D:\浏览器Download\空洞武士\resources\effect\fire_dash\10.png">
      <Filter>resources\effect\fire_dash</Filter>
    </Image>
    <Image Include="D:\浏览器Download\空洞武士\resources\effect\fire_dash_down\1.png">
      <Filter>resources\effect\fire_dash_down</Filter>
    </Image>
    <Image Include="D:\浏览器Download\空洞武士\resources\effect\fire_dash_down\2.png">
      <Filter>resources\effect\fire_dash_down</Filter>
    </Image>
    <Image Include="D:\浏览器Download\空洞武士\resources\effect\fire_dash_down\3.png">
      <Filter>resources\effect\fire_dash_down</Filter>
    </Image>
    <Image Include="D:\浏览器Download\空洞武士\resources\effect\fire_dash_down\4.png">
      <Filter>resources\effect\fire_dash_down</Filter>
    </Image>
    <Image Include="D:\浏览器Download\空洞武士\resources\effect\fire_dash_down\5.png">
      <Filter>resources\effect\fire_dash_down</Filter>
    </Image>
    <Image Include="D:\浏览器Download\空洞武士\resources\effect\fire_dash_down\6.png">
      <Filter>resources\effect\fire_dash_down</Filter>
    </Image>
    <Image Include="D:\浏览器Download\空洞武士\resources\effect\fire_dash_down\7.png">
      <Filter>resources\effect\fire_dash_down</Filter>
    </Image>
    <Image Include="D:\浏览器Download\空洞武士\resources\effect\fire_dash_down\8.png">
      <Filter>resources\effect\fire_dash_down</Filter>
    </Image>
    <Image Include="D:\浏览器Download\空洞武士\resources\effect\fire_dash_down\9.png">
      <Filter>resources\effect\fire_dash_down</Filter>
    </Image>
    <Image Include="D:\浏览器Download\空洞武士\resources\effect\fire_dash_down\10.png">
      <Filter>resources\effect\fire_dash_down</Filter>
    </Image>
    <Image Include="D:\浏览器Download\空洞武士\resources\effect\hit\1.png">
      <Filter>resources\effect\hit</Filter>
    </Image>
    <Image Include="D:\浏览器Download\空洞武士\resources\effect\hit\2.png">
      <Filter>resources\effect\hit</Filter>
    </Image>
    <Image Include="D:\浏览器Download\空洞武士\resources\effect\hit\3.png">
      <Filter>resources\effect\hit</Filter>
    </Image>
    <Image Include="D:\浏览器Download\空洞武士\resources\effect\hit\4.png">
      <Filter>resources\effect\hit</Filter>
    </Image>
    <Image Include="D:\浏览器Download\空洞武士\resources\effect\hurt\1.png">
      <Filter>resources\effect\hurt</Filter>
    </Image>
    <Image Include="D:\浏览器Download\空洞武士\resources\effect\hurt\2.png">
      <Filter>resources\effect\hurt</Filter>
    </Image>
    <Image Include="D:\浏览器Download\空洞武士\resources\effect\hurt\3.png">
      <Filter>resources\effect\hurt</Filter>
    </Image>
    <Image Include="D:\浏览器Download\空洞武士\resources\effect\hurt\4.png">
      <Filter>resources\effect\hurt</Filter>
    </Image>
    <Image Include="D:\浏览器Download\空洞武士\resources\effect\hurt\5.png">
      <Filter>resources\effect\hurt</Filter>
    </Image>
    <Image Include="D:\浏览器Download\空洞武士\resources\effect\hurt\6.png">
      <Filter>resources\effect\hurt</Filter>
    </Image>
    <Image Include="D:\浏览器Download\空洞武士\resources\effect\hurt\7.png">
      <Filter>resources\effect\hurt</Filter>
    </Image>
    <Image Include="D:\浏览器Download\空洞武士\resources\effect\hurt\8.png">
      <Filter>resources\effect\hurt</Filter>
    </Image>
    <Image Include="D:\浏览器Download\空洞武士\resources\effect\hurt\9.png">
      <Filter>resources\effect\hurt</Filter>
    </Image>
    <Image Include="D:\浏览器Download\空洞武士\resources\effect\hurt\10.png">
      <Filter>resources\effect\hurt</Filter>
    </Image>
    <Image Include="D:\浏览器Download\空洞武士\resources\effect\hurt\11.png">
      <Filter>resources\effect\hurt</Filter>
    </Image>
    <Image Include="D:\浏览器Download\空洞武士\resources\effect\hurt\12.png">
      <Filter>resources\effect\hurt</Filter>
    </Image>
    <Image Include="D:\浏览器Download\空洞武士\resources\effect\hurt\13.png">
      <Filter>resources\effect\hurt</Filter>
    </Image>
    <Image Include="D:\浏览器Download\空洞武士\resources\effect\hurt\14.png">
      <Filter>resources\effect\hurt</Filter>
    </Image>
    <Image Include="D:\浏览器Download\空洞武士\resources\effect\hurt\15.png">
      <Filter>resources\effect\hurt</Filter>
    </Image>
    <Image Include="D:\浏览器Download\空洞武士\resources\effect\hurt\16.png">
      <Filter>resources\effect\hurt</Filter>
    </Image>
    <Image Include="D:\浏览器Download\空洞武士\resources\effect\hurt\17.png">
      <Filter>resources\effect\hurt</Filter>
    </Image>
    <Image Include="D:\浏览器Download\空洞武士\resources\effect\hurt\18.png">
      <Filter>resources\effect\hurt</Filter>
    </Image>
    <Image Include="D:\浏览器Download\空洞武士\resources\effect\leaves\1.png">
      <Filter>resources\effect\leaves</Filter>
    </Image>
    <Image Include="D:\浏览器Download\空洞武士\resources\effect\leaves\2.png">
      <Filter>resources\effect\leaves</Filter>
    </Image>
    <Image Include="D:\浏览器Download\空洞武士\resources\effect\leaves\3.png">
      <Filter>resources\effect\leaves</Filter>
    </Image>
    <Image Include="D:\浏览器Download\空洞武士\resources\effect\leaves\4.png">
      <Filter>resources\effect\leaves</Filter>
    </Image>
    <Image Include="D:\浏览器Download\空洞武士\resources\effect\leaves\5.png">
      <Filter>resources\effect\leaves</Filter>
    </Image>
    <Image Include="D:\浏览器Download\空洞武士\resources\effect\leaves\6.png">
      <Filter>resources\effect\leaves</Filter>
    </Image>
    <Image Include="D:\浏览器Download\空洞武士\resources\effect\leaves\7.png">
      <Filter>resources\effect\leaves</Filter>
    </Image>
    <Image Include="D:\浏览器Download\空洞武士\resources\effect\leaves\8.png">
      <Filter>resources\effect\leaves</Filter>
    </Image>
    <Image Include="D:\浏览器Download\空洞武士\resources\effect\leaves\9.png">
      <Filter>resources\effect\leaves</Filter>
    </Image>
    <Image Include="D:\浏览器Download\空洞武士\resources\effect\leaves\10.png">
      <Filter>resources\effect\leaves</Filter>
    </Image>
    <Image Include="D:\浏览器Download\空洞武士\resources\effect\leaves\11.png">
      <Filter>resources\effect\leaves</Filter>
    </Image>
    <Image Include="D:\浏览器Download\空洞武士\resources\effect\leaves\12.png">
      <Filter>resources\effect\leaves</Filter>
    </Image>
    <Image Include="D:\浏览器Download\空洞武士\resources\effect\leaves\13.png">
      <Filter>resources\effect\leaves</Filter>
    </Image>
    <Image Include="D:\浏览器Download\空洞武士\resources\effect\leaves\14.png">
      <Filter>resources\effect\leaves</Filter>
    </Image>
    <Image Include="D:\浏览器Download\空洞武士\resources\effect\leaves\15.png">
      <Filter>resources\effect\leaves</Filter>
    </Image>
    <Image Include="D:\浏览器Download\空洞武士\resources\effect\leaves\16.png">
      <Filter>resources\effect\leaves</Filter>
    </Image>
    <Image Include="D:\浏览器Download\空洞武士\resources\effect\leaves\17.png">
      <Filter>resources\effect\leaves</Filter>
    </Image>
    <Image Include="D:\浏览器Download\空洞武士\resources\effect\leaves\18.png">
      <Filter>resources\effect\leaves</Filter>
    </Image>
    <Image Include="D:\浏览器Download\空洞武士\resources\effect\leaves\19.png">
      <Filter>resources\effect\leaves</Filter>
    </Image>
    <Image Include="D:\浏览器Download\空洞武士\resources\effect\mixed_image\blue_1.png">
      <Filter>resources\effect\mixed_image</Filter>
    </Image>
    <Image Include="D:\浏览器Download\空洞武士\resources\effect\mixed_image\blue_2.png">
      <Filter>resources\effect\mixed_image</Filter>
    </Image>
    <Image Include="D:\浏览器Download\空洞武士\resources\effect\mixed_image\red.png">
      <Filter>resources\effect\mixed_image</Filter>
    </Image>
    <Image Include="D:\浏览器Download\空洞武士\resources\effect\mixed_image\test_background_black.png">
      <Filter>resources\effect\mixed_image</Filter>
    </Image>
    <Image Include="D:\浏览器Download\空洞武士\resources\effect\mixed_image\test_background_blue_1.png">
      <Filter>resources\effect\mixed_image</Filter>
    </Image>
    <Image Include="D:\浏览器Download\空洞武士\resources\effect\mixed_image\test_background_blue_2.png">
      <Filter>resources\effect\mixed_image</Filter>
    </Image>
    <Image Include="D:\浏览器Download\空洞武士\resources\effect\watercolor\1.png">
      <Filter>resources\effect\watercolor</Filter>
    </Image>
    <Image Include="D:\浏览器Download\空洞武士\resources\effect\watercolor\2.png">
      <Filter>resources\effect\watercolor</Filter>
    </Image>
    <Image Include="D:\浏览器Download\空洞武士\resources\effect\watercolor\3.png">
      <Filter>resources\effect\watercolor</Filter>
    </Image>
    <Image Include="D:\浏览器Download\空洞武士\resources\effect\watercolor\4.png">
      <Filter>resources\effect\watercolor</Filter>
    </Image>
    <Image Include="D:\浏览器Download\空洞武士\resources\effect\watercolor\5.png">
      <Filter>resources\effect\watercolor</Filter>
    </Image>
    <Image Include="D:\浏览器Download\空洞武士\resources\effect\watercolor\6.png">
      <Filter>resources\effect\watercolor</Filter>
    </Image>
    <Image Include="D:\浏览器Download\空洞武士\resources\effect\ui_choose\1.png">
      <Filter>resources\effect\ui_choose</Filter>
    </Image>
    <Image Include="D:\浏览器Download\空洞武士\resources\effect\ui_choose\2.png">
      <Filter>resources\effect\ui_choose</Filter>
    </Image>
    <Image Include="D:\浏览器Download\空洞武士\resources\effect\ui_choose\3.png">
      <Filter>resources\effect\ui_choose</Filter>
    </Image>
    <Image Include="D:\浏览器Download\空洞武士\resources\effect\ui_choose\4.png">
      <Filter>resources\effect\ui_choose</Filter>
    </Image>
    <Image Include="D:\浏览器Download\空洞武士\resources\effect\ui_choose\5.png">
      <Filter>resources\effect\ui_choose</Filter>
    </Image>
    <Image Include="D:\浏览器Download\空洞武士\resources\effect\ui_choose\6.png">
      <Filter>resources\effect\ui_choose</Filter>
    </Image>
    <Image Include="D:\浏览器Download\空洞武士\resources\effect\ui_choose\7.png">
      <Filter>resources\effect\ui_choose</Filter>
    </Image>
    <Image Include="D:\浏览器Download\空洞武士\resources\effect\ui_choose\8.png">
      <Filter>resources\effect\ui_choose</Filter>
    </Image>
    <Image Include="D:\浏览器Download\空洞武士\resources\effect\ui_choose\9.png">
      <Filter>resources\effect\ui_choose</Filter>
    </Image>
    <Image Include="D:\浏览器Download\空洞武士\resources\effect\ui_choose\10.png">
      <Filter>resources\effect\ui_choose</Filter>
    </Image>
    <Image Include="D:\浏览器Download\空洞武士\resources\effect\ui_choose\11.png">
      <Filter>resources\effect\ui_choose</Filter>
    </Image>
    <Image Include="D:\浏览器Download\空洞武士\resources\effect\other\bug\1.png">
      <Filter>resources\effect\other\bug</Filter>
    </Image>
    <Image Include="D:\浏览器Download\空洞武士\resources\effect\other\bug\2.png">
      <Filter>resources\effect\other\bug</Filter>
    </Image>
    <Image Include="D:\浏览器Download\空洞武士\resources\effect\other\bug\3.png">
      <Filter>resources\effect\other\bug</Filter>
    </Image>
    <Image Include="D:\浏览器Download\空洞武士\resources\effect\other\bug\4.png">
      <Filter>resources\effect\other\bug</Filter>
    </Image>
    <Image Include="D:\浏览器Download\空洞武士\resources\effect\other\bug\5.png">
      <Filter>resources\effect\other\bug</Filter>
    </Image>
    <Image Include="D:\浏览器Download\空洞武士\resources\effect\other\bug\6.png">
      <Filter>resources\effect\other\bug</Filter>
    </Image>
    <Image Include="D:\浏览器Download\空洞武士\resources\effect\other\bug\7.png">
      <Filter>resources\effect\other\bug</Filter>
    </Image>
    <Image Include="D:\浏览器Download\空洞武士\resources\effect\other\bug\8.png">
      <Filter>resources\effect\other\bug</Filter>
    </Image>
    <Image Include="D:\浏览器Download\空洞武士\resources\effect\other\light\1.png">
      <Filter>resources\effect\other\light</Filter>
    </Image>
    <Image Include="D:\浏览器Download\空洞武士\resources\effect\other\light\2.png">
      <Filter>resources\effect\other\light</Filter>
    </Image>
    <Image Include="D:\浏览器Download\空洞武士\resources\effect\other\light\3.png">
      <Filter>resources\effect\other\light</Filter>
    </Image>
    <Image Include="D:\浏览器Download\空洞武士\resources\effect\other\light\4.png">
      <Filter>resources\effect\other\light</Filter>
    </Image>
    <Image Include="D:\浏览器Download\空洞武士\resources\effect\other\light\5.png">
      <Filter>resources\effect\other\light</Filter>
    </Image>
    <Image Include="D:\浏览器Download\空洞武士\resources\effect\other\light\6.png">
      <Filter>resources\effect\other\light</Filter>
    </Image>
    <Image Include="D:\浏览器Download\空洞武士\resources\effect\other\light\7.png">
      <Filter>resources\effect\other\light</Filter>
    </Image>
    <Image Include="D:\浏览器Download\空洞武士\resources\effect\other\light\8.png">
      <Filter>resources\effect\other\light</Filter>
    </Image>
    <Image Include="D:\浏览器Download\空洞武士\resources\effect\other\light\9.png">
      <Filter>resources\effect\other\light</Filter>
    </Image>
    <Image Include="D:\浏览器Download\空洞武士\resources\effect\other\light\10.png">
      <Filter>resources\effect\other\light</Filter>
    </Image>
    <Image Include="D:\浏览器Download\空洞武士\resources\effect\other\light\11.png">
      <Filter>resources\effect\other\light</Filter>
    </Image>
    <Image Include="D:\浏览器Download\空洞武士\resources\effect\other\light\12.png">
      <Filter>resources\effect\other\light</Filter>
    </Image>
    <Image Include="D:\浏览器Download\空洞武士\resources\effect\other\light\13.png">
      <Filter>resources\effect\other\light</Filter>
    </Image>
    <Image Include="D:\浏览器Download\空洞武士\resources\effect\other\light\14.png">
      <Filter>resources\effect\other\light</Filter>
    </Image>
    <Image Include="D:\浏览器Download\空洞武士\resources\effect\other\light\15.png">
      <Filter>resources\effect\other\light</Filter>
    </Image>
    <Image Include="D:\浏览器Download\空洞武士\resources\effect\other\light\16.png">
      <Filter>resources\effect\other\light</Filter>
    </Image>
    <Image Include="D:\浏览器Download\空洞武士\resources\effect\other\little_knight\1.png">
      <Filter>resources\effect\other\little_knight</Filter>
    </Image>
    <Image Include="D:\浏览器Download\空洞武士\resources\effect\other\little_knight\2.png">
      <Filter>resources\effect\other\little_knight</Filter>
    </Image>
    <Image Include="D:\浏览器Download\空洞武士\resources\effect\other\little_knight\3.png">
      <Filter>resources\effect\other\little_knight</Filter>
    </Image>
    <Image Include="D:\浏览器Download\空洞武士\resources\effect\other\little_knight\4.png">
      <Filter>resources\effect\other\little_knight</Filter>
    </Image>
    <Image Include="D:\浏览器Download\空洞武士\resources\effect\other\little_knight\5.png">
      <Filter>resources\effect\other\little_knight</Filter>
    </Image>
    <Image Include="D:\浏览器Download\空洞武士\resources\enemy\dragon_king\attack\1.png">
      <Filter>resources\enemy\dragon_king\attack</Filter>
    </Image>
    <Image Include="D:\浏览器Download\空洞武士\resources\enemy\dragon_king\attack\2.png">
      <Filter>resources\enemy\dragon_king\attack</Filter>
    </Image>
    <Image Include="D:\浏览器Download\空洞武士\resources\enemy\dragon_king\attack\3.png">
      <Filter>resources\enemy\dragon_king\attack</Filter>
    </Image>
    <Image Include="D:\浏览器Download\空洞武士\resources\enemy\dragon_king\attack\4.png">
      <Filter>resources\enemy\dragon_king\attack</Filter>
    </Image>
    <Image Include="D:\浏览器Download\空洞武士\resources\enemy\dragon_king\attack\5.png">
      <Filter>resources\enemy\dragon_king\attack</Filter>
    </Image>
    <Image Include="D:\浏览器Download\空洞武士\resources\enemy\dragon_king\attack\6.png">
      <Filter>resources\enemy\dragon_king\attack</Filter>
    </Image>
    <Image Include="D:\浏览器Download\空洞武士\resources\enemy\dragon_king\attack\7.png">
      <Filter>resources\enemy\dragon_king\attack</Filter>
    </Image>
    <Image Include="D:\浏览器Download\空洞武士\resources\enemy\dragon_king\attack\8.png">
      <Filter>resources\enemy\dragon_king\attack</Filter>
    </Image>
    <Image Include="D:\浏览器Download\空洞武士\resources\enemy\dragon_king\attack\9.png">
      <Filter>resources\enemy\dragon_king\attack</Filter>
    </Image>
    <Image Include="D:\浏览器Download\空洞武士\resources\enemy\dragon_king\fall\1.png">
      <Filter>resources\enemy\dragon_king\fall</Filter>
    </Image>
    <Image Include="D:\浏览器Download\空洞武士\resources\enemy\dragon_king\fall\2.png">
      <Filter>resources\enemy\dragon_king\fall</Filter>
    </Image>
    <Image Include="D:\浏览器Download\空洞武士\resources\enemy\dragon_king\fall\3.png">
      <Filter>resources\enemy\dragon_king\fall</Filter>
    </Image>
    <Image Include="D:\浏览器Download\空洞武士\resources\enemy\dragon_king\fall\4.png">
      <Filter>resources\enemy\dragon_king\fall</Filter>
    </Image>
    <Image Include="D:\浏览器Download\空洞武士\resources\enemy\dragon_king\fall\5.png">
      <Filter>resources\enemy\dragon_king\fall</Filter>
    </Image>
    <Image Include="D:\浏览器Download\空洞武士\resources\enemy\dragon_king\fall\6.png">
      <Filter>resources\enemy\dragon_king\fall</Filter>
    </Image>
    <Image Include="D:\浏览器Download\空洞武士\resources\enemy\dragon_king\fall\7.png">
      <Filter>resources\enemy\dragon_king\fall</Filter>
    </Image>
    <Image Include="D:\浏览器Download\空洞武士\resources\enemy\dragon_king\fall\8.png">
      <Filter>resources\enemy\dragon_king\fall</Filter>
    </Image>
    <Image Include="D:\浏览器Download\空洞武士\resources\enemy\dragon_king\fall\9.png">
      <Filter>resources\enemy\dragon_king\fall</Filter>
    </Image>
    <Image Include="D:\浏览器Download\空洞武士\resources\enemy\dragon_king\fall\10.png">
      <Filter>resources\enemy\dragon_king\fall</Filter>
    </Image>
    <Image Include="D:\浏览器Download\空洞武士\resources\enemy\dragon_king\fall\11.png">
      <Filter>resources\enemy\dragon_king\fall</Filter>
    </Image>
    <Image Include="D:\浏览器Download\空洞武士\resources\enemy\dragon_king\fall\12.png">
      <Filter>resources\enemy\dragon_king\fall</Filter>
    </Image>
    <Image Include="D:\浏览器Download\空洞武士\resources\enemy\dragon_king\fall\13.png">
      <Filter>resources\enemy\dragon_king\fall</Filter>
    </Image>
    <Image Include="D:\浏览器Download\空洞武士\resources\enemy\dragon_king\idle\1.png">
      <Filter>resources\enemy\dragon_king\idle</Filter>
    </Image>
    <Image Include="D:\浏览器Download\空洞武士\resources\enemy\dragon_king\idle\2.png">
      <Filter>resources\enemy\dragon_king\idle</Filter>
    </Image>
    <Image Include="D:\浏览器Download\空洞武士\resources\enemy\dragon_king\idle\3.png">
      <Filter>resources\enemy\dragon_king\idle</Filter>
    </Image>
    <Image Include="D:\浏览器Download\空洞武士\resources\enemy\dragon_king\idle\4.png">
      <Filter>resources\enemy\dragon_king\idle</Filter>
    </Image>
    <Image Include="D:\浏览器Download\空洞武士\resources\enemy\dragon_king\idle\5.png">
      <Filter>resources\enemy\dragon_king\idle</Filter>
    </Image>
    <Image Include="D:\浏览器Download\空洞武士\resources\enemy\dragon_king\idle\6.png">
      <Filter>resources\enemy\dragon_king\idle</Filter>
    </Image>
    <Image Include="D:\浏览器Download\空洞武士\resources\enemy\dragon_king\idle\7.png">
      <Filter>resources\enemy\dragon_king\idle</Filter>
    </Image>
    <Image Include="D:\浏览器Download\空洞武士\resources\enemy\dragon_king\idle\8.png">
      <Filter>resources\enemy\dragon_king\idle</Filter>
    </Image>
    <Image Include="D:\浏览器Download\空洞武士\resources\enemy\dragon_king\idle\9.png">
      <Filter>resources\enemy\dragon_king\idle</Filter>
    </Image>
    <Image Include="D:\浏览器Download\空洞武士\resources\enemy\dragon_king\idle\10.png">
      <Filter>resources\enemy\dragon_king\idle</Filter>
    </Image>
    <Image Include="D:\浏览器Download\空洞武士\resources\enemy\dragon_king\idle\11.png">
      <Filter>resources\enemy\dragon_king\idle</Filter>
    </Image>
    <Image Include="D:\浏览器Download\空洞武士\resources\enemy\dragon_king\idle\12.png">
      <Filter>resources\enemy\dragon_king\idle</Filter>
    </Image>
    <Image Include="D:\浏览器Download\空洞武士\resources\enemy\dragon_king\jump\1.png">
      <Filter>resources\enemy\dragon_king\jump</Filter>
    </Image>
    <Image Include="D:\浏览器Download\空洞武士\resources\enemy\dragon_king\jump\2.png">
      <Filter>resources\enemy\dragon_king\jump</Filter>
    </Image>
    <Image Include="D:\浏览器Download\空洞武士\resources\enemy\dragon_king\jump\3.png">
      <Filter>resources\enemy\dragon_king\jump</Filter>
    </Image>
    <Image Include="D:\浏览器Download\空洞武士\resources\enemy\dragon_king\jump\4.png">
      <Filter>resources\enemy\dragon_king\jump</Filter>
    </Image>
    <Image Include="D:\浏览器Download\空洞武士\resources\enemy\dragon_king\vfx\1.png">
      <Filter>resources\enemy\dragon_king\vfx</Filter>
    </Image>
    <Image Include="D:\浏览器Download\空洞武士\resources\enemy\dragon_king\vfx\2.png">
      <Filter>resources\enemy\dragon_king\vfx</Filter>
    </Image>
    <Image Include="D:\浏览器Download\空洞武士\resources\enemy\dragon_king\vfx\dash_line.png">
      <Filter>resources\enemy\dragon_king\vfx</Filter>
    </Image>
    <Image Include="D:\浏览器Download\空洞武士\resources\enemy\dragon_king\vfx\dash_tail.png">
      <Filter>resources\enemy\dragon_king\vfx</Filter>
    </Image>
    <Image Include="D:\浏览器Download\空洞武士\resources\enemy\dragon_king\vfx\vfx_attack_down.png">
      <Filter>resources\enemy\dragon_king\vfx</Filter>
    </Image>
    <Image Include="D:\浏览器Download\空洞武士\resources\enemy\dragon_king\vfx\vfx_attack_left.png">
      <Filter>resources\enemy\dragon_king\vfx</Filter>
    </Image>
    <Image Include="D:\浏览器Download\空洞武士\resources\enemy\dragon_king\vfx\vfx_attack_right.png">
      <Filter>resources\enemy\dragon_king\vfx</Filter>
    </Image>
    <Image Include="D:\浏览器Download\空洞武士\resources\enemy\dragon_king\vfx\vfx_attack_up.png">
      <Filter>resources\enemy\dragon_king\vfx</Filter>
    </Image>
    <Image Include="D:\浏览器Download\空洞武士\resources\enemy\dragon_king\vfx\图层 1 拷贝.png">
      <Filter>resources\enemy\dragon_king\vfx</Filter>
    </Image>
    <Image Include="D:\浏览器Download\空洞武士\resources\enemy\dragon_king\run\1.png">
      <Filter>resources\enemy\dragon_king\run</Filter>
    </Image>
    <Image Include="D:\浏览器Download\空洞武士\resources\enemy\dragon_king\run\2.png">
      <Filter>resources\enemy\dragon_king\run</Filter>
    </Image>
    <Image Include="D:\浏览器Download\空洞武士\resources\enemy\dragon_king\run\3.png">
      <Filter>resources\enemy\dragon_king\run</Filter>
    </Image>
    <Image Include="D:\浏览器Download\空洞武士\resources\enemy\dragon_king\run\4.png">
      <Filter>resources\enemy\dragon_king\run</Filter>
    </Image>
    <Image Include="D:\浏览器Download\空洞武士\resources\enemy\dragon_king\run\5.png">
      <Filter>resources\enemy\dragon_king\run</Filter>
    </Image>
    <Image Include="D:\浏览器Download\空洞武士\resources\enemy\dragon_king\run\6.png">
      <Filter>resources\enemy\dragon_king\run</Filter>
    </Image>
    <Image Include="D:\浏览器Download\空洞武士\resources\enemy\dragon_king\run\7.png">
      <Filter>resources\enemy\dragon_king\run</Filter>
    </Image>
    <Image Include="D:\浏览器Download\空洞武士\resources\enemy\dragon_king\run\8.png">
      <Filter>resources\enemy\dragon_king\run</Filter>
    </Image>
    <Image Include="D:\浏览器Download\空洞武士\resources\enemy\dragon_king\run\9.png">
      <Filter>resources\enemy\dragon_king\run</Filter>
    </Image>
    <Image Include="D:\浏览器Download\空洞武士\resources\enemy\dragon_king\run\10.png">
      <Filter>resources\enemy\dragon_king\run</Filter>
    </Image>
    <Image Include="D:\浏览器Download\空洞武士\resources\enemy\dragon_king\prepare\1.png">
      <Filter>resources\enemy\dragon_king\prepare</Filter>
    </Image>
    <Image Include="D:\浏览器Download\空洞武士\resources\enemy\dragon_king\prepare\2.png">
      <Filter>resources\enemy\dragon_king\prepare</Filter>
    </Image>
    <Image Include="D:\浏览器Download\空洞武士\resources\enemy\hornet\aim\1.png">
      <Filter>resources\enemy\hornet\aim</Filter>
    </Image>
    <Image Include="D:\浏览器Download\空洞武士\resources\enemy\hornet\aim\2.png">
      <Filter>resources\enemy\hornet\aim</Filter>
    </Image>
    <Image Include="D:\浏览器Download\空洞武士\resources\enemy\hornet\aim\3.png">
      <Filter>resources\enemy\hornet\aim</Filter>
    </Image>
    <Image Include="D:\浏览器Download\空洞武士\resources\enemy\hornet\aim\4.png">
      <Filter>resources\enemy\hornet\aim</Filter>
    </Image>
    <Image Include="D:\浏览器Download\空洞武士\resources\enemy\hornet\aim\5.png">
      <Filter>resources\enemy\hornet\aim</Filter>
    </Image>
    <Image Include="D:\浏览器Download\空洞武士\resources\enemy\hornet\aim\6.png">
      <Filter>resources\enemy\hornet\aim</Filter>
    </Image>
    <Image Include="D:\浏览器Download\空洞武士\resources\enemy\hornet\aim\7.png">
      <Filter>resources\enemy\hornet\aim</Filter>
    </Image>
    <Image Include="D:\浏览器Download\空洞武士\resources\enemy\hornet\aim\8.png">
      <Filter>resources\enemy\hornet\aim</Filter>
    </Image>
    <Image Include="D:\浏览器Download\空洞武士\resources\enemy\hornet\aim\9.png">
      <Filter>resources\enemy\hornet\aim</Filter>
    </Image>
    <Image Include="D:\浏览器Download\空洞武士\resources\enemy\hornet\barb_break\1.png">
      <Filter>resources\enemy\hornet\barb_break</Filter>
    </Image>
    <Image Include="D:\浏览器Download\空洞武士\resources\enemy\hornet\barb_break\2.png">
      <Filter>resources\enemy\hornet\barb_break</Filter>
    </Image>
    <Image Include="D:\浏览器Download\空洞武士\resources\enemy\hornet\barb_break\3.png">
      <Filter>resources\enemy\hornet\barb_break</Filter>
    </Image>
    <Image Include="D:\浏览器Download\空洞武士\resources\enemy\hornet\barb_loose\1.png">
      <Filter>resources\enemy\hornet\barb_loose</Filter>
    </Image>
    <Image Include="D:\浏览器Download\空洞武士\resources\enemy\hornet\barb_loose\2.png">
      <Filter>resources\enemy\hornet\barb_loose</Filter>
    </Image>
    <Image Include="D:\浏览器Download\空洞武士\resources\enemy\hornet\barb_loose\3.png">
      <Filter>resources\enemy\hornet\barb_loose</Filter>
    </Image>
    <Image Include="D:\浏览器Download\空洞武士\resources\enemy\hornet\barb_loose\4.png">
      <Filter>resources\enemy\hornet\barb_loose</Filter>
    </Image>
    <Image Include="D:\浏览器Download\空洞武士\resources\enemy\hornet\barb_loose\5.png">
      <Filter>resources\enemy\hornet\barb_loose</Filter>
    </Image>
    <Image Include="D:\浏览器Download\空洞武士\resources\enemy\hornet\dash_in_air\1.png">
      <Filter>resources\enemy\hornet\dash_in_air</Filter>
    </Image>
    <Image Include="D:\浏览器Download\空洞武士\resources\enemy\hornet\dash_in_air\2.png">
      <Filter>resources\enemy\hornet\dash_in_air</Filter>
    </Image>
    <Image Include="D:\浏览器Download\空洞武士\resources\enemy\hornet\dash_on_floor\1.png">
      <Filter>resources\enemy\hornet\dash_on_floor</Filter>
    </Image>
    <Image Include="D:\浏览器Download\空洞武士\resources\enemy\hornet\dash_on_floor\2.png">
      <Filter>resources\enemy\hornet\dash_on_floor</Filter>
    </Image>
    <Image Include="D:\浏览器Download\空洞武士\resources\enemy\hornet\fall\1.png">
      <Filter>resources\enemy\hornet\fall</Filter>
    </Image>
    <Image Include="D:\浏览器Download\空洞武士\resources\enemy\hornet\fall\2.png">
      <Filter>resources\enemy\hornet\fall</Filter>
    </Image>
    <Image Include="D:\浏览器Download\空洞武士\resources\enemy\hornet\fall\3.png">
      <Filter>resources\enemy\hornet\fall</Filter>
    </Image>
    <Image Include="D:\浏览器Download\空洞武士\resources\enemy\hornet\fall\4.png">
      <Filter>resources\enemy\hornet\fall</Filter>
    </Image>
    <Image Include="D:\浏览器Download\空洞武士\resources\enemy\hornet\idle\1.png">
      <Filter>resources\enemy\hornet\idle</Filter>
    </Image>
    <Image Include="D:\浏览器Download\空洞武士\resources\enemy\hornet\idle\2.png">
      <Filter>resources\enemy\hornet\idle</Filter>
    </Image>
    <Image Include="D:\浏览器Download\空洞武士\resources\enemy\hornet\idle\3.png">
      <Filter>resources\enemy\hornet\idle</Filter>
    </Image>
    <Image Include="D:\浏览器Download\空洞武士\resources\enemy\hornet\idle\4.png">
      <Filter>resources\enemy\hornet\idle</Filter>
    </Image>
    <Image Include="D:\浏览器Download\空洞武士\resources\enemy\hornet\idle\5.png">
      <Filter>resources\enemy\hornet\idle</Filter>
    </Image>
    <Image Include="D:\浏览器Download\空洞武士\resources\enemy\hornet\idle\6.png">
      <Filter>resources\enemy\hornet\idle</Filter>
    </Image>
    <Image Include="D:\浏览器Download\空洞武士\resources\enemy\hornet\jump\1.png">
      <Filter>resources\enemy\hornet\jump</Filter>
    </Image>
    <Image Include="D:\浏览器Download\空洞武士\resources\enemy\hornet\jump\2.png">
      <Filter>resources\enemy\hornet\jump</Filter>
    </Image>
    <Image Include="D:\浏览器Download\空洞武士\resources\enemy\hornet\jump\3.png">
      <Filter>resources\enemy\hornet\jump</Filter>
    </Image>
    <Image Include="D:\浏览器Download\空洞武士\resources\enemy\hornet\jump\4.png">
      <Filter>resources\enemy\hornet\jump</Filter>
    </Image>
    <Image Include="D:\浏览器Download\空洞武士\resources\enemy\hornet\jump\5.png">
      <Filter>resources\enemy\hornet\jump</Filter>
    </Image>
    <Image Include="D:\浏览器Download\空洞武士\resources\enemy\hornet\jump\6.png">
      <Filter>resources\enemy\hornet\jump</Filter>
    </Image>
    <Image Include="D:\浏览器Download\空洞武士\resources\enemy\hornet\jump\7.png">
      <Filter>resources\enemy\hornet\jump</Filter>
    </Image>
    <Image Include="D:\浏览器Download\空洞武士\resources\enemy\hornet\jump\8.png">
      <Filter>resources\enemy\hornet\jump</Filter>
    </Image>
    <Image Include="D:\浏览器Download\空洞武士\resources\enemy\hornet\vfx_dash_on_floor\1.png">
      <Filter>resources\enemy\hornet\vfx_dash_on_floor</Filter>
    </Image>
    <Image Include="D:\浏览器Download\空洞武士\resources\enemy\hornet\vfx_dash_on_floor\2.png">
      <Filter>resources\enemy\hornet\vfx_dash_on_floor</Filter>
    </Image>
    <Image Include="D:\浏览器Download\空洞武士\resources\enemy\hornet\vfx_dash_on_floor\3.png">
      <Filter>resources\enemy\hornet\vfx_dash_on_floor</Filter>
    </Image>
    <Image Include="D:\浏览器Download\空洞武士\resources\enemy\hornet\vfx_dash_on_floor\4.png">
      <Filter>resources\enemy\hornet\vfx_dash_on_floor</Filter>
    </Image>
    <Image Include="D:\浏览器Download\空洞武士\resources\enemy\hornet\vfx_dash_on_floor\5.png">
      <Filter>resources\enemy\hornet\vfx_dash_on_floor</Filter>
    </Image>
    <Image Include="D:\浏览器Download\空洞武士\resources\enemy\hornet\vfx_dash_on_floor\6.png">
      <Filter>resources\enemy\hornet\vfx_dash_on_floor</Filter>
    </Image>
    <Image Include="D:\浏览器Download\空洞武士\resources\enemy\hornet\vfx_dash_in_air\1.png">
      <Filter>resources\enemy\hornet\vfx_dash_in_air</Filter>
    </Image>
    <Image Include="D:\浏览器Download\空洞武士\resources\enemy\hornet\vfx_dash_in_air\2.png">
      <Filter>resources\enemy\hornet\vfx_dash_in_air</Filter>
    </Image>
    <Image Include="D:\浏览器Download\空洞武士\resources\enemy\hornet\vfx_dash_in_air\3.png">
      <Filter>resources\enemy\hornet\vfx_dash_in_air</Filter>
    </Image>
    <Image Include="D:\浏览器Download\空洞武士\resources\enemy\hornet\vfx_dash_in_air\4.png">
      <Filter>resources\enemy\hornet\vfx_dash_in_air</Filter>
    </Image>
    <Image Include="D:\浏览器Download\空洞武士\resources\enemy\hornet\vfx_dash_in_air\5.png">
      <Filter>resources\enemy\hornet\vfx_dash_in_air</Filter>
    </Image>
    <Image Include="D:\浏览器Download\空洞武士\resources\enemy\hornet\throw_sword\1.png">
      <Filter>resources\enemy\hornet\throw_sword</Filter>
    </Image>
    <Image Include="D:\浏览器Download\空洞武士\resources\enemy\hornet\throw_sword\2.png">
      <Filter>resources\enemy\hornet\throw_sword</Filter>
    </Image>
    <Image Include="D:\浏览器Download\空洞武士\resources\enemy\hornet\throw_sword\3.png">
      <Filter>resources\enemy\hornet\throw_sword</Filter>
    </Image>
    <Image Include="D:\浏览器Download\空洞武士\resources\enemy\hornet\throw_sword\4.png">
      <Filter>resources\enemy\hornet\throw_sword</Filter>
    </Image>
    <Image Include="D:\浏览器Download\空洞武士\resources\enemy\hornet\throw_sword\5.png">
      <Filter>resources\enemy\hornet\throw_sword</Filter>
    </Image>
    <Image Include="D:\浏览器Download\空洞武士\resources\enemy\hornet\throw_sword\6.png">
      <Filter>resources\enemy\hornet\throw_sword</Filter>
    </Image>
    <Image Include="D:\浏览器Download\空洞武士\resources\enemy\hornet\throw_sword\7.png">
      <Filter>resources\enemy\hornet\throw_sword</Filter>
    </Image>
    <Image Include="D:\浏览器Download\空洞武士\resources\enemy\hornet\throw_sword\8.png">
      <Filter>resources\enemy\hornet\throw_sword</Filter>
    </Image>
    <Image Include="D:\浏览器Download\空洞武士\resources\enemy\hornet\throw_sword\9.png">
      <Filter>resources\enemy\hornet\throw_sword</Filter>
    </Image>
    <Image Include="D:\浏览器Download\空洞武士\resources\enemy\hornet\throw_sword\10.png">
      <Filter>resources\enemy\hornet\throw_sword</Filter>
    </Image>
    <Image Include="D:\浏览器Download\空洞武士\resources\enemy\hornet\throw_sword\11.png">
      <Filter>resources\enemy\hornet\throw_sword</Filter>
    </Image>
    <Image Include="D:\浏览器Download\空洞武士\resources\enemy\hornet\throw_sword\12.png">
      <Filter>resources\enemy\hornet\throw_sword</Filter>
    </Image>
    <Image Include="D:\浏览器Download\空洞武士\resources\enemy\hornet\throw_sword\13.png">
      <Filter>resources\enemy\hornet\throw_sword</Filter>
    </Image>
    <Image Include="D:\浏览器Download\空洞武士\resources\enemy\hornet\throw_sword\14.png">
      <Filter>resources\enemy\hornet\throw_sword</Filter>
    </Image>
    <Image Include="D:\浏览器Download\空洞武士\resources\enemy\hornet\throw_sword\15.png">
      <Filter>resources\enemy\hornet\throw_sword</Filter>
    </Image>
    <Image Include="D:\浏览器Download\空洞武士\resources\enemy\hornet\throw_sword\16.png">
      <Filter>resources\enemy\hornet\throw_sword</Filter>
    </Image>
    <Image Include="D:\浏览器Download\空洞武士\resources\enemy\hornet\throw_silk\1.png">
      <Filter>resources\enemy\hornet\throw_silk</Filter>
    </Image>
    <Image Include="D:\浏览器Download\空洞武士\resources\enemy\hornet\throw_silk\2.png">
      <Filter>resources\enemy\hornet\throw_silk</Filter>
    </Image>
    <Image Include="D:\浏览器Download\空洞武士\resources\enemy\hornet\throw_silk\3.png">
      <Filter>resources\enemy\hornet\throw_silk</Filter>
    </Image>
    <Image Include="D:\浏览器Download\空洞武士\resources\enemy\hornet\throw_silk\4.png">
      <Filter>resources\enemy\hornet\throw_silk</Filter>
    </Image>
    <Image Include="D:\浏览器Download\空洞武士\resources\enemy\hornet\throw_silk\5.png">
      <Filter>resources\enemy\hornet\throw_silk</Filter>
    </Image>
    <Image Include="D:\浏览器Download\空洞武士\resources\enemy\hornet\throw_silk\6.png">
      <Filter>resources\enemy\hornet\throw_silk</Filter>
    </Image>
    <Image Include="D:\浏览器Download\空洞武士\resources\enemy\hornet\throw_silk\7.png">
      <Filter>resources\enemy\hornet\throw_silk</Filter>
    </Image>
    <Image Include="D:\浏览器Download\空洞武士\resources\enemy\hornet\throw_silk\8.png">
      <Filter>resources\enemy\hornet\throw_silk</Filter>
    </Image>
    <Image Include="D:\浏览器Download\空洞武士\resources\enemy\hornet\throw_silk\9.png">
      <Filter>resources\enemy\hornet\throw_silk</Filter>
    </Image>
    <Image Include="D:\浏览器Download\空洞武士\resources\enemy\hornet\throw_silk\10.png">
      <Filter>resources\enemy\hornet\throw_silk</Filter>
    </Image>
    <Image Include="D:\浏览器Download\空洞武士\resources\enemy\hornet\throw_silk\11.png">
      <Filter>resources\enemy\hornet\throw_silk</Filter>
    </Image>
    <Image Include="D:\浏览器Download\空洞武士\resources\enemy\hornet\throw_silk\12.png">
      <Filter>resources\enemy\hornet\throw_silk</Filter>
    </Image>
    <Image Include="D:\浏览器Download\空洞武士\resources\enemy\hornet\throw_silk\13.png">
      <Filter>resources\enemy\hornet\throw_silk</Filter>
    </Image>
    <Image Include="D:\浏览器Download\空洞武士\resources\enemy\hornet\throw_silk\14.png">
      <Filter>resources\enemy\hornet\throw_silk</Filter>
    </Image>
    <Image Include="D:\浏览器Download\空洞武士\resources\enemy\hornet\throw_silk\15.png">
      <Filter>resources\enemy\hornet\throw_silk</Filter>
    </Image>
    <Image Include="D:\浏览器Download\空洞武士\resources\enemy\hornet\throw_silk\16.png">
      <Filter>resources\enemy\hornet\throw_silk</Filter>
    </Image>
    <Image Include="D:\浏览器Download\空洞武士\resources\enemy\hornet\throw_silk\17.png">
      <Filter>resources\enemy\hornet\throw_silk</Filter>
    </Image>
    <Image Include="D:\浏览器Download\空洞武士\resources\enemy\hornet\throw_barb\1.png">
      <Filter>resources\enemy\hornet\throw_barb</Filter>
    </Image>
    <Image Include="D:\浏览器Download\空洞武士\resources\enemy\hornet\throw_barb\2.png">
      <Filter>resources\enemy\hornet\throw_barb</Filter>
    </Image>
    <Image Include="D:\浏览器Download\空洞武士\resources\enemy\hornet\throw_barb\3.png">
      <Filter>resources\enemy\hornet\throw_barb</Filter>
    </Image>
    <Image Include="D:\浏览器Download\空洞武士\resources\enemy\hornet\throw_barb\4.png">
      <Filter>resources\enemy\hornet\throw_barb</Filter>
    </Image>
    <Image Include="D:\浏览器Download\空洞武士\resources\enemy\hornet\throw_barb\5.png">
      <Filter>resources\enemy\hornet\throw_barb</Filter>
    </Image>
    <Image Include="D:\浏览器Download\空洞武士\resources\enemy\hornet\throw_barb\6.png">
      <Filter>resources\enemy\hornet\throw_barb</Filter>
    </Image>
    <Image Include="D:\浏览器Download\空洞武士\resources\enemy\hornet\throw_barb\7.png">
      <Filter>resources\enemy\hornet\throw_barb</Filter>
    </Image>
    <Image Include="D:\浏览器Download\空洞武士\resources\enemy\hornet\throw_barb\8.png">
      <Filter>resources\enemy\hornet\throw_barb</Filter>
    </Image>
    <Image Include="D:\浏览器Download\空洞武士\resources\enemy\hornet\sword\1.png">
      <Filter>resources\enemy\hornet\sword</Filter>
    </Image>
    <Image Include="D:\浏览器Download\空洞武士\resources\enemy\hornet\sword\2.png">
      <Filter>resources\enemy\hornet\sword</Filter>
    </Image>
    <Image Include="D:\浏览器Download\空洞武士\resources\enemy\hornet\sword\3.png">
      <Filter>resources\enemy\hornet\sword</Filter>
    </Image>
    <Image Include="D:\浏览器Download\空洞武士\resources\enemy\hornet\squat\1.png">
      <Filter>resources\enemy\hornet\squat</Filter>
    </Image>
    <Image Include="D:\浏览器Download\空洞武士\resources\enemy\hornet\squat\2.png">
      <Filter>resources\enemy\hornet\squat</Filter>
    </Image>
    <Image Include="D:\浏览器Download\空洞武士\resources\enemy\hornet\squat\3.png">
      <Filter>resources\enemy\hornet\squat</Filter>
    </Image>
    <Image Include="D:\浏览器Download\空洞武士\resources\enemy\hornet\squat\4.png">
      <Filter>resources\enemy\hornet\squat</Filter>
    </Image>
    <Image Include="D:\浏览器Download\空洞武士\resources\enemy\hornet\squat\5.png">
      <Filter>resources\enemy\hornet\squat</Filter>
    </Image>
    <Image Include="D:\浏览器Download\空洞武士\resources\enemy\hornet\squat\6.png">
      <Filter>resources\enemy\hornet\squat</Filter>
    </Image>
    <Image Include="D:\浏览器Download\空洞武士\resources\enemy\hornet\squat\7.png">
      <Filter>resources\enemy\hornet\squat</Filter>
    </Image>
    <Image Include="D:\浏览器Download\空洞武士\resources\enemy\hornet\squat\8.png">
      <Filter>resources\enemy\hornet\squat</Filter>
    </Image>
    <Image Include="D:\浏览器Download\空洞武士\resources\enemy\hornet\squat\9.png">
      <Filter>resources\enemy\hornet\squat</Filter>
    </Image>
    <Image Include="D:\浏览器Download\空洞武士\resources\enemy\hornet\squat\10.png">
      <Filter>resources\enemy\hornet\squat</Filter>
    </Image>
    <Image Include="D:\浏览器Download\空洞武士\resources\enemy\hornet\silk\1.png">
      <Filter>resources\enemy\hornet\silk</Filter>
    </Image>
    <Image Include="D:\浏览器Download\空洞武士\resources\enemy\hornet\silk\2.png">
      <Filter>resources\enemy\hornet\silk</Filter>
    </Image>
    <Image Include="D:\浏览器Download\空洞武士\resources\enemy\hornet\silk\3.png">
      <Filter>resources\enemy\hornet\silk</Filter>
    </Image>
    <Image Include="D:\浏览器Download\空洞武士\resources\enemy\hornet\silk\4.png">
      <Filter>resources\enemy\hornet\silk</Filter>
    </Image>
    <Image Include="D:\浏览器Download\空洞武士\resources\enemy\hornet\silk\5.png">
      <Filter>resources\enemy\hornet\silk</Filter>
    </Image>
    <Image Include="D:\浏览器Download\空洞武士\resources\enemy\hornet\silk\6.png">
      <Filter>resources\enemy\hornet\silk</Filter>
    </Image>
    <Image Include="D:\浏览器Download\空洞武士\resources\enemy\hornet\silk\7.png">
      <Filter>resources\enemy\hornet\silk</Filter>
    </Image>
    <Image Include="D:\浏览器Download\空洞武士\resources\enemy\hornet\silk\8.png">
      <Filter>resources\enemy\hornet\silk</Filter>
    </Image>
    <Image Include="D:\浏览器Download\空洞武士\resources\enemy\hornet\silk\9.png">
      <Filter>resources\enemy\hornet\silk</Filter>
    </Image>
    <Image Include="D:\浏览器Download\空洞武士\resources\enemy\hornet\run\1.png">
      <Filter>resources\enemy\hornet\run</Filter>
    </Image>
    <Image Include="D:\浏览器Download\空洞武士\resources\enemy\hornet\run\2.png">
      <Filter>resources\enemy\hornet\run</Filter>
    </Image>
    <Image Include="D:\浏览器Download\空洞武士\resources\enemy\hornet\run\3.png">
      <Filter>resources\enemy\hornet\run</Filter>
    </Image>
    <Image Include="D:\浏览器Download\空洞武士\resources\enemy\hornet\run\4.png">
      <Filter>resources\enemy\hornet\run</Filter>
    </Image>
    <Image Include="D:\浏览器Download\空洞武士\resources\enemy\hornet\run\5.png">
      <Filter>resources\enemy\hornet\run</Filter>
    </Image>
    <Image Include="D:\浏览器Download\空洞武士\resources\enemy\hornet\run\6.png">
      <Filter>resources\enemy\hornet\run</Filter>
    </Image>
    <Image Include="D:\浏览器Download\空洞武士\resources\enemy\hornet\run\7.png">
      <Filter>resources\enemy\hornet\run</Filter>
    </Image>
    <Image Include="D:\浏览器Download\空洞武士\resources\enemy\hornet\run\8.png">
      <Filter>resources\enemy\hornet\run</Filter>
    </Image>
    <Image Include="D:\浏览器Download\空洞武士\resources\player\attack.png">
      <Filter>resources\player</Filter>
    </Image>
    <Image Include="D:\浏览器Download\空洞武士\resources\player\dead.png">
      <Filter>resources\player</Filter>
    </Image>
    <Image Include="D:\浏览器Download\空洞武士\resources\player\fall.png">
      <Filter>resources\player</Filter>
    </Image>
    <Image Include="D:\浏览器Download\空洞武士\resources\player\idle.png">
      <Filter>resources\player</Filter>
    </Image>
    <Image Include="D:\浏览器Download\空洞武士\resources\player\jump.png">
      <Filter>resources\player</Filter>
    </Image>
    <Image Include="D:\浏览器Download\空洞武士\resources\player\roll.png">
      <Filter>resources\player</Filter>
    </Image>
    <Image Include="D:\浏览器Download\空洞武士\resources\player\run.png">
      <Filter>resources\player</Filter>
    </Image>
    <Image Include="D:\浏览器Download\空洞武士\resources\player\vfx_attack_down.png">
      <Filter>resources\player</Filter>
    </Image>
    <Image Include="D:\浏览器Download\空洞武士\resources\player\vfx_attack_left.png">
      <Filter>resources\player</Filter>
    </Image>
    <Image Include="D:\浏览器Download\空洞武士\resources\player\vfx_attack_right.png">
      <Filter>resources\player</Filter>
    </Image>
    <Image Include="D:\浏览器Download\空洞武士\resources\player\vfx_attack_up.png">
      <Filter>resources\player</Filter>
    </Image>
    <Image Include="D:\浏览器Download\空洞武士\resources\player\vfx_jump.png">
      <Filter>resources\player</Filter>
    </Image>
    <Image Include="D:\浏览器Download\空洞武士\resources\player\vfx_land.png">
      <Filter>resources\player</Filter>
    </Image>
    <Image Include="D:\浏览器Download\空洞武士\resources\player\dance\1.png">
      <Filter>resources\player\dance</Filter>
    </Image>
    <Image Include="D:\浏览器Download\空洞武士\resources\player\dance\2.png">
      <Filter>resources\player\dance</Filter>
    </Image>
    <Image Include="D:\浏览器Download\空洞武士\resources\player\dance\3.png">
      <Filter>resources\player\dance</Filter>
    </Image>
    <Image Include="D:\浏览器Download\空洞武士\resources\player\dance\4.png">
      <Filter>resources\player\dance</Filter>
    </Image>
    <Image Include="D:\浏览器Download\空洞武士\resources\player\dance\5.png">
      <Filter>resources\player\dance</Filter>
    </Image>
    <Image Include="D:\浏览器Download\空洞武士\resources\player\dance\6.png">
      <Filter>resources\player\dance</Filter>
    </Image>
    <Image Include="D:\浏览器Download\空洞武士\resources\player\dance\7.png">
      <Filter>resources\player\dance</Filter>
    </Image>
    <Image Include="D:\浏览器Download\空洞武士\resources\player\dance\8.png">
      <Filter>resources\player\dance</Filter>
    </Image>
    <Image Include="D:\浏览器Download\空洞武士\resources\player\dance\9.png">
      <Filter>resources\player\dance</Filter>
    </Image>
    <Image Include="D:\浏览器Download\空洞武士\resources\player\dance\10.png">
      <Filter>resources\player\dance</Filter>
    </Image>
    <Image Include="D:\浏览器Download\空洞武士\resources\player\dance\11.png">
      <Filter>resources\player\dance</Filter>
    </Image>
    <Image Include="D:\浏览器Download\空洞武士\resources\player\dance\12.png">
      <Filter>resources\player\dance</Filter>
    </Image>
    <Image Include="D:\浏览器Download\空洞武士\resources\background_1.png">
      <Filter>resources</Filter>
    </Image>
    <Image Include="D:\浏览器Download\空洞武士\resources\background_2.png">
      <Filter>resources</Filter>
    </Image>
    <Image Include="D:\浏览器Download\空洞武士\resources\menu.png">
      <Filter>resources</Filter>
    </Image>
    <Image Include="D:\浏览器Download\空洞武士\resources\menu_introduce.png">
      <Filter>resources</Filter>
    </Image>
    <Image Include="D:\浏览器Download\空洞武士\resources\ui_heart.png">
      <Filter>resources</Filter>
    </Image>
  </ItemGroup>
  <ItemGroup>
    <Font Include="D:\浏览器Download\空洞武士\resources\font\IPix.ttf">
      <Filter>resources\font</Filter>
    </Font>
  </ItemGroup>
</Project>